
Microsoft Visual Studio Solution File, Format Version 12.00
# Visual Studio Version 17
VisualStudioVersion = 17.8.34316.72
MinimumVisualStudioVersion = 10.0.40219.1
Project("{FAE04EC0-301F-11D3-BF4B-00C04F79EFBC}") = "LibraryApp", "FinalProject\LibraryApp.csproj", "{3AE14933-3C70-49B2-8F45-60B29A67E2C5}"
EndProject
Project("{FAE04EC0-301F-11D3-BF4B-00C04F79EFBC}") = "HangmanApp", "HangmanApp\HangmanApp.csproj", "{7624EF15-69BC-4010-B7EC-C40650EABBAB}"
EndProject
Project("{FAE04EC0-301F-11D3-BF4B-00C04F79EFBC}") = "NumberGuessingApp", "NumberGuessingApp\NumberGuessingApp.csproj", "{FD3EC4CC-AFE3-49AE-8AF3-1364C4ED47FA}"
EndProject
Global
	GlobalSection(SolutionConfigurationPlatforms) = preSolution
		Debug|Any CPU = Debug|Any CPU
		Release|Any CPU = Release|Any CPU
	EndGlobalSection
	GlobalSection(ProjectConfigurationPlatforms) = postSolution
		{3AE14933-3C70-49B2-8F45-60B29A67E2C5}.Debug|Any CPU.ActiveCfg = Debug|Any CPU
		{3AE14933-3C70-49B2-8F45-60B29A67E2C5}.Debug|Any CPU.Build.0 = Debug|Any CPU
		{3AE14933-3C70-49B2-8F45-60B29A67E2C5}.Release|Any CPU.ActiveCfg = Release|Any CPU
		{3AE14933-3C70-49B2-8F45-60B29A67E2C5}.Release|Any CPU.Build.0 = Release|Any CPU
		{7624EF15-69BC-4010-B7EC-C40650EABBAB}.Debug|Any CPU.ActiveCfg = Debug|Any CPU
		{7624EF15-69BC-4010-B7EC-C40650EABBAB}.Debug|Any CPU.Build.0 = Debug|Any CPU
		{7624EF15-69BC-4010-B7EC-C40650EABBAB}.Release|Any CPU.ActiveCfg = Release|Any CPU
		{7624EF15-69BC-4010-B7EC-C40650EABBAB}.Release|Any CPU.Build.0 = Release|Any CPU
		{FD3EC4CC-AFE3-49AE-8AF3-1364C4ED47FA}.Debug|Any CPU.ActiveCfg = Debug|Any CPU
		{FD3EC4CC-AFE3-49AE-8AF3-1364C4ED47FA}.Debug|Any CPU.Build.0 = Debug|Any CPU
		{FD3EC4CC-AFE3-49AE-8AF3-1364C4ED47FA}.Release|Any CPU.ActiveCfg = Release|Any CPU
		{FD3EC4CC-AFE3-49AE-8AF3-1364C4ED47FA}.Release|Any CPU.Build.0 = Release|Any CPU
	EndGlobalSection
	GlobalSection(SolutionProperties) = preSolution
		HideSolutionNode = FALSE
	EndGlobalSection
	GlobalSection(ExtensibilityGlobals) = postSolution
		SolutionGuid = {5F319CA6-9691-49A6-8EA6-64B44B5ADD79}
	EndGlobalSection
EndGlobal
